lockfileVersion: '9.0'

settings:
  autoInstallPeers: true
  excludeLinksFromLockfile: false

importers:

  .:
    dependencies:
      '@cdktf/provider-null':
        specifier: ^10.0.0
        version: 10.0.0(cdktf@0.20.8(constructs@10.3.0))(constructs@10.3.0)
      cdktf:
        specifier: ^0.20.8
        version: 0.20.8(constructs@10.3.0)
      constructs:
        specifier: ^10.3.0
        version: 10.3.0
    devDependencies:
      '@types/node':
        specifier: ^22.3.0
        version: 22.3.0
      typescript:
        specifier: ^5.5.4
        version: 5.5.4

packages:

  '@cdktf/provider-null@10.0.0':
    resolution: {integrity: sha512-r/2z3N4Z1ADjh4hu3BOyKRcXr0OE1f/b5kh+IdC2BF2dhHVaXGHw2Cvogd+R73PjgBNBv/pZa+wOY16tlgNpaQ==}
    engines: {node: '>= 18.12.0'}
    peerDependencies:
      cdktf: ^0.20.0
      constructs: ^10.3.0

  '@types/node@22.3.0':
    resolution: {integrity: sha512-nrWpWVaDZuaVc5X84xJ0vNrLvomM205oQyLsRt7OHNZbSHslcWsvgFR7O7hire2ZonjLrWBbedmotmIlJDVd6g==}

  cdktf@0.20.8:
    resolution: {integrity: sha512-O4O5h0b1E6scc/tqq9EUIQGDbPmdrCQpdkPdbDtUHHzhZGtmFpIMc5MgP1SgB+EzAutnG2oUDefjCqWMnhDe9A==}
    peerDependencies:
      constructs: ^10.3.0
    bundledDependencies:
      - archiver
      - json-stable-stringify
      - semver

  constructs@10.3.0:
    resolution: {integrity: sha512-vbK8i3rIb/xwZxSpTjz3SagHn1qq9BChLEfy5Hf6fB3/2eFbrwt2n9kHwQcS0CPTRBesreeAcsJfMq2229FnbQ==}
    engines: {node: '>= 16.14.0'}

  typescript@5.5.4:
    resolution: {integrity: sha512-Mtq29sKDAEYP7aljRgtPOpTvOfbwRWlS6dPRzwjdE+C0R4brX/GUyhHSecbHMFLNBLcJIPt9nl9yG5TZ1weH+Q==}
    engines: {node: '>=14.17'}
    hasBin: true

  undici-types@6.18.2:
    resolution: {integrity: sha512-5ruQbENj95yDYJNS3TvcaxPMshV7aizdv/hWYjGIKoANWKjhWNBsr2YEuYZKodQulB1b8l7ILOuDQep3afowQQ==}

snapshots:

  '@cdktf/provider-null@10.0.0(cdktf@0.20.8(constructs@10.3.0))(constructs@10.3.0)':
    dependencies:
      cdktf: 0.20.8(constructs@10.3.0)
      constructs: 10.3.0

  '@types/node@22.3.0':
    dependencies:
      undici-types: 6.18.2

  cdktf@0.20.8(constructs@10.3.0):
    dependencies:
      constructs: 10.3.0

  constructs@10.3.0: {}

  typescript@5.5.4: {}

  undici-types@6.18.2: {}
